
Microsoft Visual Studio Solution File, Format Version 12.00
# Visual Studio 15
Project("{FAE04EC0-301F-11D3-BF4B-00C04F79EFBC}") = "Assembly-CSharp", "Assembly-CSharp.csproj", "{EA81F1CB-D1B0-A5FA-DA81-FF8F561F074B}"
EndProject
Global
	GlobalSection(SolutionConfigurationPlatforms) = preSolution
		Debug|Any CPU = Debug|Any CPU
		Release|Any CPU = Release|Any CPU
	EndGlobalSection
	GlobalSection(ProjectConfigurationPlatforms) = postSolution
		{EA81F1CB-D1B0-A5FA-DA81-FF8F561F074B}.Debug|Any CPU.ActiveCfg = Debug|Any CPU
		{EA81F1CB-D1B0-A5FA-DA81-FF8F561F074B}.Debug|Any CPU.Build.0 = Debug|Any CPU
		{EA81F1CB-D1B0-A5FA-DA81-FF8F561F074B}.Release|Any CPU.ActiveCfg = Release|Any CPU
		{EA81F1CB-D1B0-A5FA-DA81-FF8F561F074B}.Release|Any CPU.Build.0 = Release|Any CPU
	EndGlobalSection
	GlobalSection(SolutionProperties) = preSolution
		HideSolutionNode = FALSE
	EndGlobalSection
EndGlobal
