
Microsoft Visual Studio Solution File, Format Version 12.00
# Visual Studio 15
Project("{FAE04EC0-301F-11D3-BF4B-00C04F79EFBC}") = "Assembly-CSharp", "Assembly-CSharp.csproj", "{29FF3327-FA6B-4214-CC62-8B0152A57BC6}"
EndProject
Project("{FAE04EC0-301F-11D3-BF4B-00C04F79EFBC}") = "Assembly-CSharp-Editor", "Assembly-CSharp-Editor.csproj", "{8BE50E71-6429-AB38-56BA-A2E5C72E5D75}"
EndProject
Global
	GlobalSection(SolutionConfigurationPlatforms) = preSolution
		Debug|Any CPU = Debug|Any CPU
		Release|Any CPU = Release|Any CPU
	EndGlobalSection
	GlobalSection(ProjectConfigurationPlatforms) = postSolution
		{29FF3327-FA6B-4214-CC62-8B0152A57BC6}.Debug|Any CPU.ActiveCfg = Debug|Any CPU
		{29FF3327-FA6B-4214-CC62-8B0152A57BC6}.Debug|Any CPU.Build.0 = Debug|Any CPU
		{29FF3327-FA6B-4214-CC62-8B0152A57BC6}.Release|Any CPU.ActiveCfg = Release|Any CPU
		{29FF3327-FA6B-4214-CC62-8B0152A57BC6}.Release|Any CPU.Build.0 = Release|Any CPU
		{8BE50E71-6429-AB38-56BA-A2E5C72E5D75}.Debug|Any CPU.ActiveCfg = Debug|Any CPU
		{8BE50E71-6429-AB38-56BA-A2E5C72E5D75}.Debug|Any CPU.Build.0 = Debug|Any CPU
		{8BE50E71-6429-AB38-56BA-A2E5C72E5D75}.Release|Any CPU.ActiveCfg = Release|Any CPU
		{8BE50E71-6429-AB38-56BA-A2E5C72E5D75}.Release|Any CPU.Build.0 = Release|Any CPU
	EndGlobalSection
	GlobalSection(SolutionProperties) = preSolution
		HideSolutionNode = FALSE
	EndGlobalSection
EndGlobal
